// !$*UTF8*$!
{
	archiveVersion = 1;
	classes = {
	};
	objectVersion = 56;
	objects = {

/* Begin PBXBuildFile section */
		C9105FED2C9DD979007777D5 /* AppDelegate.swift in Sources */ = {isa = PBXBuildFile; fileRef = C9105FEC2C9DD979007777D5 /* AppDelegate.swift */; };
		C9105FEF2C9DD979007777D5 /* SceneDelegate.swift in Sources */ = {isa = PBXBuildFile; fileRef = C9105FEE2C9DD979007777D5 /* SceneDelegate.swift */; };
		C9105FF12C9DD979007777D5 /* HomeViewController.swift in Sources */ = {isa = PBXBuildFile; fileRef = C9105FF02C9DD979007777D5 /* HomeViewController.swift */; };
		C9105FF42C9DD979007777D5 /* Base in Resources */ = {isa = PBXBuildFile; fileRef = C9105FF32C9DD979007777D5 /* Base */; };
		C9105FF62C9DD97A007777D5 /* Assets.xcassets in Resources */ = {isa = PBXBuildFile; fileRef = C9105FF52C9DD97A007777D5 /* Assets.xcassets */; };
		C9105FF92C9DD97A007777D5 /* Base in Resources */ = {isa = PBXBuildFile; fileRef = C9105FF82C9DD97A007777D5 /* Base */; };
		C91060012C9DD9A6007777D5 /* Movie.swift in Sources */ = {isa = PBXBuildFile; fileRef = C91060002C9DD9A6007777D5 /* Movie.swift */; };
		C91060062C9DDE30007777D5 /* APIRequest.swift in Sources */ = {isa = PBXBuildFile; fileRef = C91060052C9DDE30007777D5 /* APIRequest.swift */; };
		C91060082C9DE3FA007777D5 /* APICllient.swift in Sources */ = {isa = PBXBuildFile; fileRef = C91060072C9DE3FA007777D5 /* APICllient.swift */; };
		C910600A2C9DE4C9007777D5 /* Constants.swift in Sources */ = {isa = PBXBuildFile; fileRef = C91060092C9DE4C9007777D5 /* Constants.swift */; };
		C92C57912CA1DD6A00D1C772 /* Album.swift in Sources */ = {isa = PBXBuildFile; fileRef = C92C57902CA1DD6A00D1C772 /* Album.swift */; };
		C92C57942CA1E0F500D1C772 /* HomeViewModel.swift in Sources */ = {isa = PBXBuildFile; fileRef = C92C57932CA1E0F500D1C772 /* HomeViewModel.swift */; };
		C92C57982CA1E1B800D1C772 /* UserViewModel.swift in Sources */ = {isa = PBXBuildFile; fileRef = C92C57972CA1E1B800D1C772 /* UserViewModel.swift */; };
		C92C579A2CA1E1CB00D1C772 /* AlbumViewModel.swift in Sources */ = {isa = PBXBuildFile; fileRef = C92C57992CA1E1CB00D1C772 /* AlbumViewModel.swift */; };
		C92C579C2CA1E53B00D1C772 /* UserViewController.swift in Sources */ = {isa = PBXBuildFile; fileRef = C92C579B2CA1E53B00D1C772 /* UserViewController.swift */; };
		C92C579E2CA1E54900D1C772 /* AlbumViewController.swift in Sources */ = {isa = PBXBuildFile; fileRef = C92C579D2CA1E54900D1C772 /* AlbumViewController.swift */; };
		C92C57A22CA1E60900D1C772 /* UserCellViewModel.swift in Sources */ = {isa = PBXBuildFile; fileRef = C92C57A12CA1E60900D1C772 /* UserCellViewModel.swift */; };
		C92C57A42CA1E61B00D1C772 /* AlbumCellViewModel.swift in Sources */ = {isa = PBXBuildFile; fileRef = C92C57A32CA1E61B00D1C772 /* AlbumCellViewModel.swift */; };
		C92C57A62CA1E63F00D1C772 /* AlbumTableViewCell.swift in Sources */ = {isa = PBXBuildFile; fileRef = C92C57A52CA1E63F00D1C772 /* AlbumTableViewCell.swift */; };
		C92C57A82CA1E65500D1C772 /* UserTableViewCell.swift in Sources */ = {isa = PBXBuildFile; fileRef = C92C57A72CA1E65500D1C772 /* UserTableViewCell.swift */; };
		C92C57AA2CA1E67800D1C772 /* User.swift in Sources */ = {isa = PBXBuildFile; fileRef = C92C57A92CA1E67800D1C772 /* User.swift */; };
		C92C57AD2CA2026C00D1C772 /* Kingfisher in Frameworks */ = {isa = PBXBuildFile; productRef = C92C57AC2CA2026C00D1C772 /* Kingfisher */; };
/* End PBXBuildFile section */

/* Begin PBXFileReference section */
		C9105FE92C9DD979007777D5 /* MovieDetails.app */ = {isa = PBXFileReference; explicitFileType = wrapper.application; includeInIndex = 0; path = MovieDetails.app; sourceTree = BUILT_PRODUCTS_DIR; };
		C9105FEC2C9DD979007777D5 /* AppDelegate.swift */ = {isa = PBXFileReference; lastKnownFileType = sourcecode.swift; path = AppDelegate.swift; sourceTree = "<group>"; };
		C9105FEE2C9DD979007777D5 /* SceneDelegate.swift */ = {isa = PBXFileReference; lastKnownFileType = sourcecode.swift; path = SceneDelegate.swift; sourceTree = "<group>"; };
		C9105FF02C9DD979007777D5 /* HomeViewController.swift */ = {isa = PBXFileReference; lastKnownFileType = sourcecode.swift; path = HomeViewController.swift; sourceTree = "<group>"; };
		C9105FF32C9DD979007777D5 /* Base */ = {isa = PBXFileReference; lastKnownFileType = file.storyboard; name = Base; path = Base.lproj/Main.storyboard; sourceTree = "<group>"; };
		C9105FF52C9DD97A007777D5 /* Assets.xcassets */ = {isa = PBXFileReference; lastKnownFileType = folder.assetcatalog; path = Assets.xcassets; sourceTree = "<group>"; };
		C9105FF82C9DD97A007777D5 /* Base */ = {isa = PBXFileReference; lastKnownFileType = file.storyboard; name = Base; path = Base.lproj/LaunchScreen.storyboard; sourceTree = "<group>"; };
		C9105FFA2C9DD97A007777D5 /* Info.plist */ = {isa = PBXFileReference; lastKnownFileType = text.plist.xml; path = Info.plist; sourceTree = "<group>"; };
		C91060002C9DD9A6007777D5 /* Movie.swift */ = {isa = PBXFileReference; lastKnownFileType = sourcecode.swift; path = Movie.swift; sourceTree = "<group>"; };
		C91060052C9DDE30007777D5 /* APIRequest.swift */ = {isa = PBXFileReference; lastKnownFileType = sourcecode.swift; path = APIRequest.swift; sourceTree = "<group>"; };
		C91060072C9DE3FA007777D5 /* APICllient.swift */ = {isa = PBXFileReference; lastKnownFileType = sourcecode.swift; path = APICllient.swift; sourceTree = "<group>"; };
		C91060092C9DE4C9007777D5 /* Constants.swift */ = {isa = PBXFileReference; lastKnownFileType = sourcecode.swift; path = Constants.swift; sourceTree = "<group>"; };
		C92C57902CA1DD6A00D1C772 /* Album.swift */ = {isa = PBXFileReference; lastKnownFileType = sourcecode.swift; path = Album.swift; sourceTree = "<group>"; };
		C92C57932CA1E0F500D1C772 /* HomeViewModel.swift */ = {isa = PBXFileReference; lastKnownFileType = sourcecode.swift; path = HomeViewModel.swift; sourceTree = "<group>"; };
		C92C57972CA1E1B800D1C772 /* UserViewModel.swift */ = {isa = PBXFileReference; lastKnownFileType = sourcecode.swift; path = UserViewModel.swift; sourceTree = "<group>"; };
		C92C57992CA1E1CB00D1C772 /* AlbumViewModel.swift */ = {isa = PBXFileReference; lastKnownFileType = sourcecode.swift; path = AlbumViewModel.swift; sourceTree = "<group>"; };
		C92C579B2CA1E53B00D1C772 /* UserViewController.swift */ = {isa = PBXFileReference; lastKnownFileType = sourcecode.swift; path = UserViewController.swift; sourceTree = "<group>"; };
		C92C579D2CA1E54900D1C772 /* AlbumViewController.swift */ = {isa = PBXFileReference; lastKnownFileType = sourcecode.swift; path = AlbumViewController.swift; sourceTree = "<group>"; };
		C92C57A12CA1E60900D1C772 /* UserCellViewModel.swift */ = {isa = PBXFileReference; lastKnownFileType = sourcecode.swift; path = UserCellViewModel.swift; sourceTree = "<group>"; };
		C92C57A32CA1E61B00D1C772 /* AlbumCellViewModel.swift */ = {isa = PBXFileReference; lastKnownFileType = sourcecode.swift; path = AlbumCellViewModel.swift; sourceTree = "<group>"; };
		C92C57A52CA1E63F00D1C772 /* AlbumTableViewCell.swift */ = {isa = PBXFileReference; lastKnownFileType = sourcecode.swift; path = AlbumTableViewCell.swift; sourceTree = "<group>"; };
		C92C57A72CA1E65500D1C772 /* UserTableViewCell.swift */ = {isa = PBXFileReference; lastKnownFileType = sourcecode.swift; path = UserTableViewCell.swift; sourceTree = "<group>"; };
		C92C57A92CA1E67800D1C772 /* User.swift */ = {isa = PBXFileReference; lastKnownFileType = sourcecode.swift; path = User.swift; sourceTree = "<group>"; };
/* End PBXFileReference section */

/* Begin PBXFrameworksBuildPhase section */
		C9105FE62C9DD979007777D5 /* Frameworks */ = {
			isa = PBXFrameworksBuildPhase;
			buildActionMask = 2147483647;
			files = (
				C92C57AD2CA2026C00D1C772 /* Kingfisher in Frameworks */,
			);
			runOnlyForDeploymentPostprocessing = 0;
		};
/* End PBXFrameworksBuildPhase section */

/* Begin PBXGroup section */
		C9105FE02C9DD979007777D5 = {
			isa = PBXGroup;
			children = (
				C9105FEB2C9DD979007777D5 /* MovieDetails */,
				C9105FEA2C9DD979007777D5 /* Products */,
			);
			sourceTree = "<group>";
		};
		C9105FEA2C9DD979007777D5 /* Products */ = {
			isa = PBXGroup;
			children = (
				C9105FE92C9DD979007777D5 /* MovieDetails.app */,
			);
			name = Products;
			sourceTree = "<group>";
		};
		C9105FEB2C9DD979007777D5 /* MovieDetails */ = {
			isa = PBXGroup;
			children = (
				C92C57962CA1E1A400D1C772 /* User */,
				C92C57952CA1E19400D1C772 /* Album */,
				C92C57922CA1DEB900D1C772 /* Home */,
				C9105FEC2C9DD979007777D5 /* AppDelegate.swift */,
				C92C578F2CA1AE0300D1C772 /* DataModels */,
				C9105FEE2C9DD979007777D5 /* SceneDelegate.swift */,
				C91060032C9DDDBA007777D5 /* Services */,
				C91060092C9DE4C9007777D5 /* Constants.swift */,
				C9105FF22C9DD979007777D5 /* Main.storyboard */,
				C9105FF52C9DD97A007777D5 /* Assets.xcassets */,
				C9105FF72C9DD97A007777D5 /* LaunchScreen.storyboard */,
				C9105FFA2C9DD97A007777D5 /* Info.plist */,
			);
			path = MovieDetails;
			sourceTree = "<group>";
		};
		C91060032C9DDDBA007777D5 /* Services */ = {
			isa = PBXGroup;
			children = (
				C91060042C9DDDD0007777D5 /* Networking */,
			);
			path = Services;
			sourceTree = "<group>";
		};
		C91060042C9DDDD0007777D5 /* Networking */ = {
			isa = PBXGroup;
			children = (
				C91060052C9DDE30007777D5 /* APIRequest.swift */,
				C91060072C9DE3FA007777D5 /* APICllient.swift */,
			);
			path = Networking;
			sourceTree = "<group>";
		};
		C92C578F2CA1AE0300D1C772 /* DataModels */ = {
			isa = PBXGroup;
			children = (
				C91060002C9DD9A6007777D5 /* Movie.swift */,
				C92C57902CA1DD6A00D1C772 /* Album.swift */,
				C92C57A92CA1E67800D1C772 /* User.swift */,
			);
			path = DataModels;
			sourceTree = "<group>";
		};
		C92C57922CA1DEB900D1C772 /* Home */ = {
			isa = PBXGroup;
			children = (
				C9105FF02C9DD979007777D5 /* HomeViewController.swift */,
				C92C57932CA1E0F500D1C772 /* HomeViewModel.swift */,
			);
			path = Home;
			sourceTree = "<group>";
		};
		C92C57952CA1E19400D1C772 /* Album */ = {
			isa = PBXGroup;
			children = (
				C92C57A02CA1E5EC00D1C772 /* Cell */,
				C92C57992CA1E1CB00D1C772 /* AlbumViewModel.swift */,
				C92C579D2CA1E54900D1C772 /* AlbumViewController.swift */,
			);
			path = Album;
			sourceTree = "<group>";
		};
		C92C57962CA1E1A400D1C772 /* User */ = {
			isa = PBXGroup;
			children = (
				C92C579F2CA1E5E200D1C772 /* Cell */,
				C92C57972CA1E1B800D1C772 /* UserViewModel.swift */,
				C92C579B2CA1E53B00D1C772 /* UserViewController.swift */,
			);
			path = User;
			sourceTree = "<group>";
		};
		C92C579F2CA1E5E200D1C772 /* Cell */ = {
			isa = PBXGroup;
			children = (
				C92C57A12CA1E60900D1C772 /* UserCellViewModel.swift */,
				C92C57A72CA1E65500D1C772 /* UserTableViewCell.swift */,
			);
			path = Cell;
			sourceTree = "<group>";
		};
		C92C57A02CA1E5EC00D1C772 /* Cell */ = {
			isa = PBXGroup;
			children = (
				C92C57A52CA1E63F00D1C772 /* AlbumTableViewCell.swift */,
				C92C57A32CA1E61B00D1C772 /* AlbumCellViewModel.swift */,
			);
			path = Cell;
			sourceTree = "<group>";
		};
/* End PBXGroup section */

/* Begin PBXNativeTarget section */
		C9105FE82C9DD979007777D5 /* MovieDetails */ = {
			isa = PBXNativeTarget;
			buildConfigurationList = C9105FFD2C9DD97A007777D5 /* Build configuration list for PBXNativeTarget "MovieDetails" */;
			buildPhases = (
				C9105FE52C9DD979007777D5 /* Sources */,
				C9105FE62C9DD979007777D5 /* Frameworks */,
				C9105FE72C9DD979007777D5 /* Resources */,
			);
			buildRules = (
			);
			dependencies = (
			);
			name = MovieDetails;
			packageProductDependencies = (
				C92C57AC2CA2026C00D1C772 /* Kingfisher */,
			);
			productName = MovieDetails;
			productReference = C9105FE92C9DD979007777D5 /* MovieDetails.app */;
			productType = "com.apple.product-type.application";
		};
/* End PBXNativeTarget section */

/* Begin PBXProject section */
		C9105FE12C9DD979007777D5 /* Project object */ = {
			isa = PBXProject;
			attributes = {
				BuildIndependentTargetsInParallel = 1;
				LastSwiftUpdateCheck = 1540;
				LastUpgradeCheck = 1540;
				TargetAttributes = {
					C9105FE82C9DD979007777D5 = {
						CreatedOnToolsVersion = 15.4;
					};
				};
			};
			buildConfigurationList = C9105FE42C9DD979007777D5 /* Build configuration list for PBXProject "MovieDetails" */;
			compatibilityVersion = "Xcode 14.0";
			developmentRegion = en;
			hasScannedForEncodings = 0;
			knownRegions = (
				en,
				Base,
			);
			mainGroup = C9105FE02C9DD979007777D5;
			packageReferences = (
				C92C57AB2CA2026C00D1C772 /* XCRemoteSwiftPackageReference "Kingfisher" */,
			);
			productRefGroup = C9105FEA2C9DD979007777D5 /* Products */;
			projectDirPath = "";
			projectRoot = "";
			targets = (
				C9105FE82C9DD979007777D5 /* MovieDetails */,
			);
		};
/* End PBXProject section */

/* Begin PBXResourcesBuildPhase section */
		C9105FE72C9DD979007777D5 /* Resources */ = {
			isa = PBXResourcesBuildPhase;
			buildActionMask = 2147483647;
			files = (
				C9105FF62C9DD97A007777D5 /* Assets.xcassets in Resources */,
				C9105FF92C9DD97A007777D5 /* Base in Resources */,
				C9105FF42C9DD979007777D5 /* Base in Resources */,
			);
			runOnlyForDeploymentPostprocessing = 0;
		};
/* End PBXResourcesBuildPhase section */

/* Begin PBXSourcesBuildPhase section */
		C9105FE52C9DD979007777D5 /* Sources */ = {
			isa = PBXSourcesBuildPhase;
			buildActionMask = 2147483647;
			files = (
				C9105FF12C9DD979007777D5 /* HomeViewController.swift in Sources */,
				C92C579C2CA1E53B00D1C772 /* UserViewController.swift in Sources */,
				C92C579E2CA1E54900D1C772 /* AlbumViewController.swift in Sources */,
				C92C57942CA1E0F500D1C772 /* HomeViewModel.swift in Sources */,
				C9105FED2C9DD979007777D5 /* AppDelegate.swift in Sources */,
				C92C57982CA1E1B800D1C772 /* UserViewModel.swift in Sources */,
				C91060012C9DD9A6007777D5 /* Movie.swift in Sources */,
				C92C57A62CA1E63F00D1C772 /* AlbumTableViewCell.swift in Sources */,
				C91060062C9DDE30007777D5 /* APIRequest.swift in Sources */,
				C910600A2C9DE4C9007777D5 /* Constants.swift in Sources */,
				C92C57A22CA1E60900D1C772 /* UserCellViewModel.swift in Sources */,
				C91060082C9DE3FA007777D5 /* APICllient.swift in Sources */,
				C9105FEF2C9DD979007777D5 /* SceneDelegate.swift in Sources */,
				C92C579A2CA1E1CB00D1C772 /* AlbumViewModel.swift in Sources */,
				C92C57AA2CA1E67800D1C772 /* User.swift in Sources */,
				C92C57A42CA1E61B00D1C772 /* AlbumCellViewModel.swift in Sources */,
				C92C57A82CA1E65500D1C772 /* UserTableViewCell.swift in Sources */,
				C92C57912CA1DD6A00D1C772 /* Album.swift in Sources */,
			);
			runOnlyForDeploymentPostprocessing = 0;
		};
/* End PBXSourcesBuildPhase section */

/* Begin PBXVariantGroup section */
		C9105FF22C9DD979007777D5 /* Main.storyboard */ = {
			isa = PBXVariantGroup;
			children = (
				C9105FF32C9DD979007777D5 /* Base */,
			);
			name = Main.storyboard;
			sourceTree = "<group>";
		};
		C9105FF72C9DD97A007777D5 /* LaunchScreen.storyboard */ = {
			isa = PBXVariantGroup;
			children = (
				C9105FF82C9DD97A007777D5 /* Base */,
			);
			name = LaunchScreen.storyboard;
			sourceTree = "<group>";
		};
/* End PBXVariantGroup section */

/* Begin XCBuildConfiguration section */
		C9105FFB2C9DD97A007777D5 /* Debug */ = {
			isa = XCBuildConfiguration;
			buildSettings = {
				ALWAYS_SEARCH_USER_PATHS = NO;
				ASSETCATALOG_COMPILER_GENERATE_SWIFT_ASSET_SYMBOL_EXTENSIONS = YES;
				CLANG_ANALYZER_NONNULL = YES;
				CLANG_ANALYZER_NUMBER_OBJECT_CONVERSION = YES_AGGRESSIVE;
				CLANG_CXX_LANGUAGE_STANDARD = "gnu++20";
				CLANG_ENABLE_MODULES = YES;
				CLANG_ENABLE_OBJC_ARC = YES;
				CLANG_ENABLE_OBJC_WEAK = YES;
				CLANG_WARN_BLOCK_CAPTURE_AUTORELEASING = YES;
				CLANG_WARN_BOOL_CONVERSION = YES;
				CLANG_WARN_COMMA = YES;
				CLANG_WARN_CONSTANT_CONVERSION = YES;
				CLANG_WARN_DEPRECATED_OBJC_IMPLEMENTATIONS = YES;
				CLANG_WARN_DIRECT_OBJC_ISA_USAGE = YES_ERROR;
				CLANG_WARN_DOCUMENTATION_COMMENTS = YES;
				CLANG_WARN_EMPTY_BODY = YES;
				CLANG_WARN_ENUM_CONVERSION = YES;
				CLANG_WARN_INFINITE_RECURSION = YES;
				CLANG_WARN_INT_CONVERSION = YES;
				CLANG_WARN_NON_LITERAL_NULL_CONVERSION = YES;
				CLANG_WARN_OBJC_IMPLICIT_RETAIN_SELF = YES;
				CLANG_WARN_OBJC_LITERAL_CONVERSION = YES;
				CLANG_WARN_OBJC_ROOT_CLASS = YES_ERROR;
				CLANG_WARN_QUOTED_INCLUDE_IN_FRAMEWORK_HEADER = YES;
				CLANG_WARN_RANGE_LOOP_ANALYSIS = YES;
				CLANG_WARN_STRICT_PROTOTYPES = YES;
				CLANG_WARN_SUSPICIOUS_MOVE = YES;
				CLANG_WARN_UNGUARDED_AVAILABILITY = YES_AGGRESSIVE;
				CLANG_WARN_UNREACHABLE_CODE = YES;
				CLANG_WARN__DUPLICATE_METHOD_MATCH = YES;
				COPY_PHASE_STRIP = NO;
				DEBUG_INFORMATION_FORMAT = dwarf;
				ENABLE_STRICT_OBJC_MSGSEND = YES;
				ENABLE_TESTABILITY = YES;
				ENABLE_USER_SCRIPT_SANDBOXING = YES;
				GCC_C_LANGUAGE_STANDARD = gnu17;
				GCC_DYNAMIC_NO_PIC = NO;
				GCC_NO_COMMON_BLOCKS = YES;
				GCC_OPTIMIZATION_LEVEL = 0;
				GCC_PREPROCESSOR_DEFINITIONS = (
					"DEBUG=1",
					"$(inherited)",
				);
				GCC_WARN_64_TO_32_BIT_CONVERSION = YES;
				GCC_WARN_ABOUT_RETURN_TYPE = YES_ERROR;
				GCC_WARN_UNDECLARED_SELECTOR = YES;
				GCC_WARN_UNINITIALIZED_AUTOS = YES_AGGRESSIVE;
				GCC_WARN_UNUSED_FUNCTION = YES;
				GCC_WARN_UNUSED_VARIABLE = YES;
				IPHONEOS_DEPLOYMENT_TARGET = 17.5;
				LOCALIZATION_PREFERS_STRING_CATALOGS = YES;
				MTL_ENABLE_DEBUG_INFO = INCLUDE_SOURCE;
				MTL_FAST_MATH = YES;
				ONLY_ACTIVE_ARCH = YES;
				SDKROOT = iphoneos;
				SWIFT_ACTIVE_COMPILATION_CONDITIONS = "DEBUG $(inherited)";
				SWIFT_OPTIMIZATION_LEVEL = "-Onone";
			};
			name = Debug;
		};
		C9105FFC2C9DD97A007777D5 /* Release */ = {
			isa = XCBuildConfiguration;
			buildSettings = {
				ALWAYS_SEARCH_USER_PATHS = NO;
				ASSETCATALOG_COMPILER_GENERATE_SWIFT_ASSET_SYMBOL_EXTENSIONS = YES;
				CLANG_ANALYZER_NONNULL = YES;
				CLANG_ANALYZER_NUMBER_OBJECT_CONVERSION = YES_AGGRESSIVE;
				CLANG_CXX_LANGUAGE_STANDARD = "gnu++20";
				CLANG_ENABLE_MODULES = YES;
				CLANG_ENABLE_OBJC_ARC = YES;
				CLANG_ENABLE_OBJC_WEAK = YES;
				CLANG_WARN_BLOCK_CAPTURE_AUTORELEASING = YES;
				CLANG_WARN_BOOL_CONVERSION = YES;
				CLANG_WARN_COMMA = YES;
				CLANG_WARN_CONSTANT_CONVERSION = YES;
				CLANG_WARN_DEPRECATED_OBJC_IMPLEMENTATIONS = YES;
				CLANG_WARN_DIRECT_OBJC_ISA_USAGE = YES_ERROR;
				CLANG_WARN_DOCUMENTATION_COMMENTS = YES;
				CLANG_WARN_EMPTY_BODY = YES;
				CLANG_WARN_ENUM_CONVERSION = YES;
				CLANG_WARN_INFINITE_RECURSION = YES;
				CLANG_WARN_INT_CONVERSION = YES;
				CLANG_WARN_NON_LITERAL_NULL_CONVERSION = YES;
				CLANG_WARN_OBJC_IMPLICIT_RETAIN_SELF = YES;
				CLANG_WARN_OBJC_LITERAL_CONVERSION = YES;
				CLANG_WARN_OBJC_ROOT_CLASS = YES_ERROR;
				CLANG_WARN_QUOTED_INCLUDE_IN_FRAMEWORK_HEADER = YES;
				CLANG_WARN_RANGE_LOOP_ANALYSIS = YES;
				CLANG_WARN_STRICT_PROTOTYPES = YES;
				CLANG_WARN_SUSPICIOUS_MOVE = YES;
				CLANG_WARN_UNGUARDED_AVAILABILITY = YES_AGGRESSIVE;
				CLANG_WARN_UNREACHABLE_CODE = YES;
				CLANG_WARN__DUPLICATE_METHOD_MATCH = YES;
				COPY_PHASE_STRIP = NO;
				DEBUG_INFORMATION_FORMAT = "dwarf-with-dsym";
				ENABLE_NS_ASSERTIONS = NO;
				ENABLE_STRICT_OBJC_MSGSEND = YES;
				ENABLE_USER_SCRIPT_SANDBOXING = YES;
				GCC_C_LANGUAGE_STANDARD = gnu17;
				GCC_NO_COMMON_BLOCKS = YES;
				GCC_WARN_64_TO_32_BIT_CONVERSION = YES;
				GCC_WARN_ABOUT_RETURN_TYPE = YES_ERROR;
				GCC_WARN_UNDECLARED_SELECTOR = YES;
				GCC_WARN_UNINITIALIZED_AUTOS = YES_AGGRESSIVE;
				GCC_WARN_UNUSED_FUNCTION = YES;
				GCC_WARN_UNUSED_VARIABLE = YES;
				IPHONEOS_DEPLOYMENT_TARGET = 17.5;
				LOCALIZATION_PREFERS_STRING_CATALOGS = YES;
				MTL_ENABLE_DEBUG_INFO = NO;
				MTL_FAST_MATH = YES;
				SDKROOT = iphoneos;
				SWIFT_COMPILATION_MODE = wholemodule;
				VALIDATE_PRODUCT = YES;
			};
			name = Release;
		};
		C9105FFE2C9DD97A007777D5 /* Debug */ = {
			isa = XCBuildConfiguration;
			buildSettings = {
				ASSETCATALOG_COMPILER_APPICON_NAME = AppIcon;
				ASSETCATALOG_COMPILER_GLOBAL_ACCENT_COLOR_NAME = AccentColor;
				CODE_SIGN_STYLE = Automatic;
				CURRENT_PROJECT_VERSION = 1;
				DEVELOPMENT_TEAM = FJ42WF89B8;
				GENERATE_INFOPLIST_FILE = YES;
				INFOPLIST_FILE = MovieDetails/Info.plist;
				INFOPLIST_KEY_UIApplicationSupportsIndirectInputEvents = YES;
				INFOPLIST_KEY_UILaunchStoryboardName = LaunchScreen;
				INFOPLIST_KEY_UIMainStoryboardFile = Main;
				INFOPLIST_KEY_UISupportedInterfaceOrientations_iPad = "UIInterfaceOrientationPortrait UIInterfaceOrientationPortraitUpsideDown UIInterfaceOrientationLandscapeLeft UIInterfaceOrientationLandscapeRight";
				INFOPLIST_KEY_UISupportedInterfaceOrientations_iPhone = "UIInterfaceOrientationPortrait UIInterfaceOrientationLandscapeLeft UIInterfaceOrientationLandscapeRight";
				IPHONEOS_DEPLOYMENT_TARGET = 17.0;
				LD_RUNPATH_SEARCH_PATHS = (
					"$(inherited)",
					"@executable_path/Frameworks",
				);
				MARKETING_VERSION = 1.0;
				PRODUCT_BUNDLE_IDENTIFIER = com.example.moradd.MovieDetails;
				PRODUCT_NAME = "$(TARGET_NAME)";
				SWIFT_EMIT_LOC_STRINGS = YES;
				SWIFT_VERSION = 5.0;
				TARGETED_DEVICE_FAMILY = "1,2";
			};
			name = Debug;
		};
		C9105FFF2C9DD97A007777D5 /* Release */ = {
			isa = XCBuildConfiguration;
			buildSettings = {
				ASSETCATALOG_COMPILER_APPICON_NAME = AppIcon;
				ASSETCATALOG_COMPILER_GLOBAL_ACCENT_COLOR_NAME = AccentColor;
				CODE_SIGN_STYLE = Automatic;
				CURRENT_PROJECT_VERSION = 1;
				DEVELOPMENT_TEAM = FJ42WF89B8;
				GENERATE_INFOPLIST_FILE = YES;
				INFOPLIST_FILE = MovieDetails/Info.plist;
				INFOPLIST_KEY_UIApplicationSupportsIndirectInputEvents = YES;
				INFOPLIST_KEY_UILaunchStoryboardName = LaunchScreen;
				INFOPLIST_KEY_UIMainStoryboardFile = Main;
				INFOPLIST_KEY_UISupportedInterfaceOrientations_iPad = "UIInterfaceOrientationPortrait UIInterfaceOrientationPortraitUpsideDown UIInterfaceOrientationLandscapeLeft UIInterfaceOrientationLandscapeRight";
				INFOPLIST_KEY_UISupportedInterfaceOrientations_iPhone = "UIInterfaceOrientationPortrait UIInterfaceOrientationLandscapeLeft UIInterfaceOrientationLandscapeRight";
				IPHONEOS_DEPLOYMENT_TARGET = 17.0;
				LD_RUNPATH_SEARCH_PATHS = (
					"$(inherited)",
					"@executable_path/Frameworks",
				);
				MARKETING_VERSION = 1.0;
				PRODUCT_BUNDLE_IDENTIFIER = com.example.moradd.MovieDetails;
				PRODUCT_NAME = "$(TARGET_NAME)";
				SWIFT_EMIT_LOC_STRINGS = YES;
				SWIFT_VERSION = 5.0;
				TARGETED_DEVICE_FAMILY = "1,2";
			};
			name = Release;
		};
/* End XCBuildConfiguration section */

/* Begin XCConfigurationList section */
		C9105FE42C9DD979007777D5 /* Build configuration list for PBXProject "MovieDetails" */ = {
			isa = XCConfigurationList;
			buildConfigurations = (
				C9105FFB2C9DD97A007777D5 /* Debug */,
				C9105FFC2C9DD97A007777D5 /* Release */,
			);
			defaultConfigurationIsVisible = 0;
			defaultConfigurationName = Release;
		};
		C9105FFD2C9DD97A007777D5 /* Build configuration list for PBXNativeTarget "MovieDetails" */ = {
			isa = XCConfigurationList;
			buildConfigurations = (
				C9105FFE2C9DD97A007777D5 /* Debug */,
				C9105FFF2C9DD97A007777D5 /* Release */,
			);
			defaultConfigurationIsVisible = 0;
			defaultConfigurationName = Release;
		};
/* End XCConfigurationList section */

/* Begin XCRemoteSwiftPackageReference section */
		C92C57AB2CA2026C00D1C772 /* XCRemoteSwiftPackageReference "Kingfisher" */ = {
			isa = XCRemoteSwiftPackageReference;
			repositoryURL = "https://github.com/onevcat/Kingfisher.git";
			requirement = {
				kind = upToNextMajorVersion;
				minimumVersion = 8.0.3;
			};
		};
/* End XCRemoteSwiftPackageReference section */

/* Begin XCSwiftPackageProductDependency section */
		C92C57AC2CA2026C00D1C772 /* Kingfisher */ = {
			isa = XCSwiftPackageProductDependency;
			package = C92C57AB2CA2026C00D1C772 /* XCRemoteSwiftPackageReference "Kingfisher" */;
			productName = Kingfisher;
		};
/* End XCSwiftPackageProductDependency section */
	};
	rootObject = C9105FE12C9DD979007777D5 /* Project object */;
}
